# Git Credential Manager

[![Build Status][build-status-badge]][workflow-status]

---

[Git Credential Manager][gcm] (GCM) is a secure
[Git credential helper][git-credential-helper] built on [.NET][dotnet] that runs
on Windows, macOS, and Linux. It aims to provide a consistent and secure
authentication experience, including multi-factor auth, to every major source
control hosting service and platform.

GCM supports (in alphabetical order) [Azure DevOps][azure-devops], Azure DevOps
Server (formerly Team Foundation Server), Bitbucket, GitHub, and GitLab.
Compare to Git's [built-in credential helpers][git-tools-credential-storage]
(Windows: wincred, macOS: osxkeychain, Linux: gnome-keyring/libsecret), which
provide single-factor authentication support for username/password only.

GCM replaces both the .NET Framework-based
[Git Credential Manager for Windows][gcm-for-windows] and the Java-based
[Git Credential Manager for Mac and Linux][gcm-for-mac-and-linux].

## Install

See the [installation instructions][install] for the current version of GCM for
install options for your operating system.

## Current status

Git Credential Manager is currently available for Windows, macOS, and Linux\*.
GCM only works with HTTP(S) remotes; you can still use Git with SSH:

- [Azure DevOps SSH][azure-devops-ssh]
- [GitHub SSH][github-ssh]
- [Bitbucket SSH][bitbucket-ssh]

Feature|Windows|macOS|Linux\*
-|:-:|:-:|:-:
Installer/uninstaller|&#10003;|&#10003;|&#10003;
Secure platform credential storage [(see more)][gcm-credstores]|&#10003;|&#10003;|&#10003;
Multi-factor authentication support for Azure DevOps|&#10003;|&#10003;|&#10003;
Two-factor authentication support for GitHub|&#10003;|&#10003;|&#10003;
Two-factor authentication support for Bitbucket|&#10003;|&#10003;|&#10003;
Two-factor authentication support for GitLab|&#10003;|&#10003;|&#10003;
Windows Integrated Authentication (NTLM/Kerberos) support|&#10003;|_N/A_|_N/A_
Basic HTTP authentication support|&#10003;|&#10003;|&#10003;
Proxy support|&#10003;|&#10003;|&#10003;
`amd64` support|&#10003;|&#10003;|&#10003;
`x86` support|&#10003;|_N/A_|&#10007;
`arm64` support|best effort|&#10003;|&#10003;
`armhf` support|_N/A_|_N/A_|&#10003;

(\*) GCM guarantees support only for [the Linux distributions that are officially
supported by dotnet][dotnet-distributions].

## Supported Git versions

Git Credential Manager tries to be compatible with the broadest set of Git
versions (within reason). However there are some known problematic releases of
Git that are not compatible.

- Git 1.x

  The initial major version of Git is not supported or tested with GCM.

- Git 2.26.2

  This version of Git introduced a breaking change with parsing credential
  configuration that GCM relies on. This issue was fixed in commit
  [`12294990`][gcm-commit-12294990] of the Git project, and released in Git
  2.27.0.

## How to use

Once it's installed and configured, Git Credential Manager is called implicitly
by Git. You don't have to do anything special, and GCM isn't intended to be
called directly by the user. For example, when pushing (`git push`) to
[Azure DevOps][azure-devops], [Bitbucket][bitbucket], or [GitHub][github], a
window will automatically open and walk you through the sign-in process. (This
process will look slightly different for each Git host, and even in some cases,
whether you've connected to an on-premises or cloud-hosted Git host.) Later Git
commands in the same repository will re-use existing credentials or tokens that
GCM has stored for as long as they're valid.

Read full command line usage [here][gcm-usage].

### Configuring a proxy

See detailed information [here][gcm-http-proxy].

## Additional Resources

See the [documentation index][docs-index] for links to additional resources.

## Experimental Features

- [Windows broker (experimental)][gcm-windows-broker]

## Future features

Curious about what's coming next in the GCM project? Take a look at the [project
roadmap][roadmap]! You can find more details about the construction of the
roadmap and how to interpret it [here][roadmap-announcement].

## Contributing

This project welcomes contributions and suggestions.
See the [contributing guide][gcm-contributing] to get started.

This project follows [GitHub's Open Source Code of Conduct][gcm-coc].

## License

We're [MIT][gcm-license] licensed.
When using GitHub logos, please be sure to follow the
[GitHub logo guidelines][github-logos].

[azure-devops]: https://azure.microsoft.com/en-us/products/devops
[azure-devops-ssh]: https://docs.microsoft.com/en-us/azure/devops/repos/git/use-ssh-keys-to-authenticate?view=azure-devops
[bitbucket]: https://bitbucket.org
[bitbucket-ssh]: https://confluence.atlassian.com/bitbucket/ssh-keys-935365775.html
[build-status-badge]: https://github.com/git-ecosystem/git-credential-manager/actions/workflows/continuous-integration.yml/badge.svg
[docs-index]: https://github.com/git-ecosystem/git-credential-manager/blob/release/docs/README.md
[dotnet]: https://dotnet.microsoft.com
[dotnet-distributions]: https://learn.microsoft.com/en-us/dotnet/core/install/linux
[git-credential-helper]: https://git-scm.com/docs/gitcredentials
[gcm]: https://github.com/git-ecosystem/git-credential-manager
[gcm-coc]: CODE_OF_CONDUCT.md
[gcm-commit-12294990]: https://github.com/git/git/commit/12294990c90e043862be9eb7eb22c3784b526340
[gcm-contributing]: CONTRIBUTING.md
[gcm-credstores]: https://github.com/git-ecosystem/git-credential-manager/blob/release/docs/credstores.md
[gcm-for-mac-and-linux]: https://github.com/microsoft/Git-Credential-Manager-for-Mac-and-Linux
[gcm-for-windows]: https://github.com/microsoft/Git-Credential-Manager-for-Windows
[gcm-http-proxy]: https://github.com/git-ecosystem/git-credential-manager/blob/release/docs/netconfig.md#http-proxy
[gcm-license]: LICENSE
[gcm-usage]: https://github.com/git-ecosystem/git-credential-manager/blob/release/docs/usage.md
[gcm-windows-broker]: https://github.com/git-ecosystem/git-credential-manager/blob/release/docs/windows-broker.md
[git-tools-credential-storage]: https://git-scm.com/book/en/v2/Git-Tools-Credential-Storage
[github]: https://github.com
[github-ssh]: https://help.github.com/en/articles/connecting-to-github-with-ssh
[github-logos]: https://github.com/logos
[install]: https://github.com/git-ecosystem/git-credential-manager/blob/release/docs/install.md
[ms-package-repos]: https://packages.microsoft.com/repos/
[roadmap]: https://github.com/git-ecosystem/git-credential-manager/milestones?direction=desc&sort=due_date&state=open
[roadmap-announcement]: https://github.com/git-ecosystem/git-credential-manager/discussions/1203
[workflow-status]: https://github.com/git-ecosystem/git-credential-manager/actions/workflows/continuous-integration.yml
﻿
Microsoft Visual Studio Solution File, Format Version 12.00
# Visual Studio Version 16
VisualStudioVersion = 16.0.29927.169
MinimumVisualStudioVersion = 10.0.40219.1
Project("{2150E333-8FDC-42A3-9474-1A3956D46DE8}") = "src", "src", "{A7FC1234-95E3-4496-B5F7-4306F41E6A0E}"
EndProject
Project("{9A19103F-16F7-4668-BE54-9A1E7A4F7556}") = "Git-Credential-Manager", "src\shared\Git-Credential-Manager\Git-Credential-Manager.csproj", "{28F06D44-AB25-4CF5-93F9-978C23FAA9D6}"
EndProject
Project("{9A19103F-16F7-4668-BE54-9A1E7A4F7556}") = "Core", "src\shared\Core\Core.csproj", "{31BCFC70-B767-4274-873F-1A076D422FC3}"
EndProject
Project("{9A19103F-16F7-4668-BE54-9A1E7A4F7556}") = "Core.Tests", "src\shared\Core.Tests\Core.Tests.csproj", "{AD41FA1E-51F5-4E4F-B7DA-32F921491313}"
EndProject
Project("{9A19103F-16F7-4668-BE54-9A1E7A4F7556}") = "Microsoft.AzureRepos", "src\shared\Microsoft.AzureRepos\Microsoft.AzureRepos.csproj", "{714AF9EB-44E6-4058-BD3E-9039F29F4D7A}"
EndProject
Project("{9A19103F-16F7-4668-BE54-9A1E7A4F7556}") = "Microsoft.AzureRepos.Tests", "src\shared\Microsoft.AzureRepos.Tests\Microsoft.AzureRepos.Tests.csproj", "{97DC6241-1240-4A85-8035-F8404A983A82}"
EndProject
Project("{2150E333-8FDC-42A3-9474-1A3956D46DE8}") = "windows", "windows", "{66722747-1B61-40E4-A89B-1AC8E6D62EA9}"
EndProject
Project("{9A19103F-16F7-4668-BE54-9A1E7A4F7556}") = "TestInfrastructure", "src\shared\TestInfrastructure\TestInfrastructure.csproj", "{5A7D9E8B-C1D2-4C5C-BE98-648C41D1F8BD}"
EndProject
Project("{9A19103F-16F7-4668-BE54-9A1E7A4F7556}") = "GitHub", "src\shared\GitHub\GitHub.csproj", "{3C840B06-A595-4FD9-9A76-56CD45B14780}"
EndProject
Project("{2150E333-8FDC-42A3-9474-1A3956D46DE8}") = "shared", "shared", "{D5277A0E-997E-453A-8CB9-4EFCC8B16A29}"
EndProject
Project("{9A19103F-16F7-4668-BE54-9A1E7A4F7556}") = "GitHub.Tests", "src\shared\GitHub.Tests\GitHub.Tests.csproj", "{3E524EA8-D31A-4394-997C-14B522E3D6FD}"
EndProject
Project("{2150E333-8FDC-42A3-9474-1A3956D46DE8}") = "osx", "osx", "{3D279E2D-E011-45CF-8EA8-3D71D1300443}"
EndProject
Project("{9A19103F-16F7-4668-BE54-9A1E7A4F7556}") = "Installer.Mac", "src\osx\Installer.Mac\Installer.Mac.csproj", "{74FA0AA4-B5C1-4F3B-B182-277FC2D50715}"
EndProject
Project("{9A19103F-16F7-4668-BE54-9A1E7A4F7556}") = "Installer.Windows", "src\windows\Installer.Windows\Installer.Windows.csproj", "{85903170-9E52-4B53-A6E4-3F416F684FAE}"
EndProject
Project("{FAE04EC0-301F-11D3-BF4B-00C04F79EFBC}") = "Atlassian.Bitbucket", "src\shared\Atlassian.Bitbucket\Atlassian.Bitbucket.csproj", "{B49881A6-E734-490E-8EA7-FB0D9E296CFB}"
EndProject
Project("{FAE04EC0-301F-11D3-BF4B-00C04F79EFBC}") = "Atlassian.Bitbucket.Tests", "src\shared\Atlassian.Bitbucket.Tests\Atlassian.Bitbucket.Tests.csproj", "{025E5329-A0B1-4BA9-9203-B70B44A5F9E0}"
EndProject
Project("{FAE04EC0-301F-11D3-BF4B-00C04F79EFBC}") = "Packaging.Linux", "src\linux\Packaging.Linux\Packaging.Linux.csproj", "{AD2A935F-3720-4802-8119-6A9B35B254DF}"
EndProject
Project("{2150E333-8FDC-42A3-9474-1A3956D46DE8}") = "linux", "linux", "{8F9D7E67-7DD7-4E32-9134-423281AF00E9}"
EndProject
Project("{FAE04EC0-301F-11D3-BF4B-00C04F79EFBC}") = "GitLab", "src\shared\GitLab\GitLab.csproj", "{570897DC-A85C-4598-B793-9A00CF710119}"
EndProject
Project("{FAE04EC0-301F-11D3-BF4B-00C04F79EFBC}") = "GitLab.Tests", "src\shared\GitLab.Tests\GitLab.Tests.csproj", "{1AF9F7C5-FA2E-48F1-B216-4D5E9A27F393}"
EndProject
Global
	GlobalSection(SolutionConfigurationPlatforms) = preSolution
		Debug|Any CPU = Debug|Any CPU
		MacDebug|Any CPU = MacDebug|Any CPU
		MacRelease|Any CPU = MacRelease|Any CPU
		Release|Any CPU = Release|Any CPU
		WindowsDebug|Any CPU = WindowsDebug|Any CPU
		WindowsRelease|Any CPU = WindowsRelease|Any CPU
		LinuxDebug|Any CPU = LinuxDebug|Any CPU
		LinuxRelease|Any CPU = LinuxRelease|Any CPU
	EndGlobalSection
	GlobalSection(ProjectConfigurationPlatforms) = postSolution
		{28F06D44-AB25-4CF5-93F9-978C23FAA9D6}.Debug|Any CPU.ActiveCfg = Debug|Any CPU
		{28F06D44-AB25-4CF5-93F9-978C23FAA9D6}.Debug|Any CPU.Build.0 = Debug|Any CPU
		{28F06D44-AB25-4CF5-93F9-978C23FAA9D6}.MacDebug|Any CPU.ActiveCfg = Debug|Any CPU
		{28F06D44-AB25-4CF5-93F9-978C23FAA9D6}.MacDebug|Any CPU.Build.0 = Debug|Any CPU
		{28F06D44-AB25-4CF5-93F9-978C23FAA9D6}.MacRelease|Any CPU.ActiveCfg = Release|Any CPU
		{28F06D44-AB25-4CF5-93F9-978C23FAA9D6}.MacRelease|Any CPU.Build.0 = Release|Any CPU
		{28F06D44-AB25-4CF5-93F9-978C23FAA9D6}.Release|Any CPU.ActiveCfg = Release|Any CPU
		{28F06D44-AB25-4CF5-93F9-978C23FAA9D6}.Release|Any CPU.Build.0 = Release|Any CPU
		{28F06D44-AB25-4CF5-93F9-978C23FAA9D6}.WindowsDebug|Any CPU.ActiveCfg = Debug|Any CPU
		{28F06D44-AB25-4CF5-93F9-978C23FAA9D6}.WindowsDebug|Any CPU.Build.0 = Debug|Any CPU
		{28F06D44-AB25-4CF5-93F9-978C23FAA9D6}.WindowsRelease|Any CPU.ActiveCfg = Release|Any CPU
		{28F06D44-AB25-4CF5-93F9-978C23FAA9D6}.WindowsRelease|Any CPU.Build.0 = Release|Any CPU
		{28F06D44-AB25-4CF5-93F9-978C23FAA9D6}.LinuxDebug|Any CPU.ActiveCfg = Debug|Any CPU
		{28F06D44-AB25-4CF5-93F9-978C23FAA9D6}.LinuxDebug|Any CPU.Build.0 = Debug|Any CPU
		{28F06D44-AB25-4CF5-93F9-978C23FAA9D6}.LinuxRelease|Any CPU.ActiveCfg = Release|Any CPU
		{28F06D44-AB25-4CF5-93F9-978C23FAA9D6}.LinuxRelease|Any CPU.Build.0 = Release|Any CPU
		{31BCFC70-B767-4274-873F-1A076D422FC3}.Debug|Any CPU.ActiveCfg = Debug|Any CPU
		{31BCFC70-B767-4274-873F-1A076D422FC3}.Debug|Any CPU.Build.0 = Debug|Any CPU
		{31BCFC70-B767-4274-873F-1A076D422FC3}.MacDebug|Any CPU.ActiveCfg = Debug|Any CPU
		{31BCFC70-B767-4274-873F-1A076D422FC3}.MacDebug|Any CPU.Build.0 = Debug|Any CPU
		{31BCFC70-B767-4274-873F-1A076D422FC3}.MacRelease|Any CPU.ActiveCfg = Release|Any CPU
		{31BCFC70-B767-4274-873F-1A076D422FC3}.MacRelease|Any CPU.Build.0 = Release|Any CPU
		{31BCFC70-B767-4274-873F-1A076D422FC3}.Release|Any CPU.ActiveCfg = Release|Any CPU
		{31BCFC70-B767-4274-873F-1A076D422FC3}.Release|Any CPU.Build.0 = Release|Any CPU
		{31BCFC70-B767-4274-873F-1A076D422FC3}.WindowsDebug|Any CPU.ActiveCfg = Debug|Any CPU
		{31BCFC70-B767-4274-873F-1A076D422FC3}.WindowsDebug|Any CPU.Build.0 = Debug|Any CPU
		{31BCFC70-B767-4274-873F-1A076D422FC3}.WindowsRelease|Any CPU.ActiveCfg = Release|Any CPU
		{31BCFC70-B767-4274-873F-1A076D422FC3}.WindowsRelease|Any CPU.Build.0 = Release|Any CPU
		{31BCFC70-B767-4274-873F-1A076D422FC3}.LinuxDebug|Any CPU.ActiveCfg = Debug|Any CPU
		{31BCFC70-B767-4274-873F-1A076D422FC3}.LinuxDebug|Any CPU.Build.0 = Debug|Any CPU
		{31BCFC70-B767-4274-873F-1A076D422FC3}.LinuxRelease|Any CPU.ActiveCfg = Release|Any CPU
		{31BCFC70-B767-4274-873F-1A076D422FC3}.LinuxRelease|Any CPU.Build.0 = Release|Any CPU
		{AD41FA1E-51F5-4E4F-B7DA-32F921491313}.Debug|Any CPU.ActiveCfg = Debug|Any CPU
		{AD41FA1E-51F5-4E4F-B7DA-32F921491313}.Debug|Any CPU.Build.0 = Debug|Any CPU
		{AD41FA1E-51F5-4E4F-B7DA-32F921491313}.MacDebug|Any CPU.ActiveCfg = Debug|Any CPU
		{AD41FA1E-51F5-4E4F-B7DA-32F921491313}.MacDebug|Any CPU.Build.0 = Debug|Any CPU
		{AD41FA1E-51F5-4E4F-B7DA-32F921491313}.MacRelease|Any CPU.ActiveCfg = Release|Any CPU
		{AD41FA1E-51F5-4E4F-B7DA-32F921491313}.MacRelease|Any CPU.Build.0 = Release|Any CPU
		{AD41FA1E-51F5-4E4F-B7DA-32F921491313}.Release|Any CPU.ActiveCfg = Release|Any CPU
		{AD41FA1E-51F5-4E4F-B7DA-32F921491313}.Release|Any CPU.Build.0 = Release|Any CPU
		{AD41FA1E-51F5-4E4F-B7DA-32F921491313}.WindowsDebug|Any CPU.ActiveCfg = Debug|Any CPU
		{AD41FA1E-51F5-4E4F-B7DA-32F921491313}.WindowsDebug|Any CPU.Build.0 = Debug|Any CPU
		{AD41FA1E-51F5-4E4F-B7DA-32F921491313}.WindowsRelease|Any CPU.ActiveCfg = Release|Any CPU
		{AD41FA1E-51F5-4E4F-B7DA-32F921491313}.WindowsRelease|Any CPU.Build.0 = Release|Any CPU
		{AD41FA1E-51F5-4E4F-B7DA-32F921491313}.LinuxDebug|Any CPU.ActiveCfg = Debug|Any CPU
		{AD41FA1E-51F5-4E4F-B7DA-32F921491313}.LinuxDebug|Any CPU.Build.0 = Debug|Any CPU
		{AD41FA1E-51F5-4E4F-B7DA-32F921491313}.LinuxRelease|Any CPU.ActiveCfg = Release|Any CPU
		{AD41FA1E-51F5-4E4F-B7DA-32F921491313}.LinuxRelease|Any CPU.Build.0 = Release|Any CPU
		{714AF9EB-44E6-4058-BD3E-9039F29F4D7A}.Debug|Any CPU.ActiveCfg = Debug|Any CPU
		{714AF9EB-44E6-4058-BD3E-9039F29F4D7A}.Debug|Any CPU.Build.0 = Debug|Any CPU
		{714AF9EB-44E6-4058-BD3E-9039F29F4D7A}.MacDebug|Any CPU.ActiveCfg = Debug|Any CPU
		{714AF9EB-44E6-4058-BD3E-9039F29F4D7A}.MacDebug|Any CPU.Build.0 = Debug|Any CPU
		{714AF9EB-44E6-4058-BD3E-9039F29F4D7A}.MacRelease|Any CPU.ActiveCfg = Release|Any CPU
		{714AF9EB-44E6-4058-BD3E-9039F29F4D7A}.MacRelease|Any CPU.Build.0 = Release|Any CPU
		{714AF9EB-44E6-4058-BD3E-9039F29F4D7A}.Release|Any CPU.ActiveCfg = Release|Any CPU
		{714AF9EB-44E6-4058-BD3E-9039F29F4D7A}.Release|Any CPU.Build.0 = Release|Any CPU
		{714AF9EB-44E6-4058-BD3E-9039F29F4D7A}.WindowsDebug|Any CPU.ActiveCfg = Debug|Any CPU
		{714AF9EB-44E6-4058-BD3E-9039F29F4D7A}.WindowsDebug|Any CPU.Build.0 = Debug|Any CPU
		{714AF9EB-44E6-4058-BD3E-9039F29F4D7A}.WindowsRelease|Any CPU.ActiveCfg = Release|Any CPU
		{714AF9EB-44E6-4058-BD3E-9039F29F4D7A}.WindowsRelease|Any CPU.Build.0 = Release|Any CPU
		{714AF9EB-44E6-4058-BD3E-9039F29F4D7A}.LinuxDebug|Any CPU.ActiveCfg = Debug|Any CPU
		{714AF9EB-44E6-4058-BD3E-9039F29F4D7A}.LinuxDebug|Any CPU.Build.0 = Debug|Any CPU
		{714AF9EB-44E6-4058-BD3E-9039F29F4D7A}.LinuxRelease|Any CPU.ActiveCfg = Release|Any CPU
		{714AF9EB-44E6-4058-BD3E-9039F29F4D7A}.LinuxRelease|Any CPU.Build.0 = Release|Any CPU
		{97DC6241-1240-4A85-8035-F8404A983A82}.Debug|Any CPU.ActiveCfg = Debug|Any CPU
		{97DC6241-1240-4A85-8035-F8404A983A82}.Debug|Any CPU.Build.0 = Debug|Any CPU
		{97DC6241-1240-4A85-8035-F8404A983A82}.MacDebug|Any CPU.ActiveCfg = Debug|Any CPU
		{97DC6241-1240-4A85-8035-F8404A983A82}.MacDebug|Any CPU.Build.0 = Debug|Any CPU
		{97DC6241-1240-4A85-8035-F8404A983A82}.MacRelease|Any CPU.ActiveCfg = Release|Any CPU
		{97DC6241-1240-4A85-8035-F8404A983A82}.MacRelease|Any CPU.Build.0 = Release|Any CPU
		{97DC6241-1240-4A85-8035-F8404A983A82}.Release|Any CPU.ActiveCfg = Release|Any CPU
		{97DC6241-1240-4A85-8035-F8404A983A82}.Release|Any CPU.Build.0 = Release|Any CPU
		{97DC6241-1240-4A85-8035-F8404A983A82}.WindowsDebug|Any CPU.ActiveCfg = Debug|Any CPU
		{97DC6241-1240-4A85-8035-F8404A983A82}.WindowsDebug|Any CPU.Build.0 = Debug|Any CPU
		{97DC6241-1240-4A85-8035-F8404A983A82}.WindowsRelease|Any CPU.ActiveCfg = Release|Any CPU
		{97DC6241-1240-4A85-8035-F8404A983A82}.WindowsRelease|Any CPU.Build.0 = Release|Any CPU
		{97DC6241-1240-4A85-8035-F8404A983A82}.LinuxDebug|Any CPU.ActiveCfg = Debug|Any CPU
		{97DC6241-1240-4A85-8035-F8404A983A82}.LinuxDebug|Any CPU.Build.0 = Debug|Any CPU
		{97DC6241-1240-4A85-8035-F8404A983A82}.LinuxRelease|Any CPU.ActiveCfg = Release|Any CPU
		{97DC6241-1240-4A85-8035-F8404A983A82}.LinuxRelease|Any CPU.Build.0 = Release|Any CPU
		{5A7D9E8B-C1D2-4C5C-BE98-648C41D1F8BD}.Debug|Any CPU.ActiveCfg = Debug|Any CPU
		{5A7D9E8B-C1D2-4C5C-BE98-648C41D1F8BD}.Debug|Any CPU.Build.0 = Debug|Any CPU
		{5A7D9E8B-C1D2-4C5C-BE98-648C41D1F8BD}.MacDebug|Any CPU.ActiveCfg = Debug|Any CPU
		{5A7D9E8B-C1D2-4C5C-BE98-648C41D1F8BD}.MacDebug|Any CPU.Build.0 = Debug|Any CPU
		{5A7D9E8B-C1D2-4C5C-BE98-648C41D1F8BD}.MacRelease|Any CPU.ActiveCfg = Release|Any CPU
		{5A7D9E8B-C1D2-4C5C-BE98-648C41D1F8BD}.MacRelease|Any CPU.Build.0 = Release|Any CPU
		{5A7D9E8B-C1D2-4C5C-BE98-648C41D1F8BD}.Release|Any CPU.ActiveCfg = Release|Any CPU
		{5A7D9E8B-C1D2-4C5C-BE98-648C41D1F8BD}.Release|Any CPU.Build.0 = Release|Any CPU
		{5A7D9E8B-C1D2-4C5C-BE98-648C41D1F8BD}.WindowsDebug|Any CPU.ActiveCfg = Debug|Any CPU
		{5A7D9E8B-C1D2-4C5C-BE98-648C41D1F8BD}.WindowsDebug|Any CPU.Build.0 = Debug|Any CPU
		{5A7D9E8B-C1D2-4C5C-BE98-648C41D1F8BD}.WindowsRelease|Any CPU.ActiveCfg = Release|Any CPU
		{5A7D9E8B-C1D2-4C5C-BE98-648C41D1F8BD}.WindowsRelease|Any CPU.Build.0 = Release|Any CPU
		{5A7D9E8B-C1D2-4C5C-BE98-648C41D1F8BD}.LinuxDebug|Any CPU.ActiveCfg = Debug|Any CPU
		{5A7D9E8B-C1D2-4C5C-BE98-648C41D1F8BD}.LinuxDebug|Any CPU.Build.0 = Debug|Any CPU
		{5A7D9E8B-C1D2-4C5C-BE98-648C41D1F8BD}.LinuxRelease|Any CPU.ActiveCfg = Release|Any CPU
		{5A7D9E8B-C1D2-4C5C-BE98-648C41D1F8BD}.LinuxRelease|Any CPU.Build.0 = Release|Any CPU
		{3C840B06-A595-4FD9-9A76-56CD45B14780}.Debug|Any CPU.ActiveCfg = Debug|Any CPU
		{3C840B06-A595-4FD9-9A76-56CD45B14780}.Debug|Any CPU.Build.0 = Debug|Any CPU
		{3C840B06-A595-4FD9-9A76-56CD45B14780}.MacDebug|Any CPU.ActiveCfg = Debug|Any CPU
		{3C840B06-A595-4FD9-9A76-56CD45B14780}.MacDebug|Any CPU.Build.0 = Debug|Any CPU
		{3C840B06-A595-4FD9-9A76-56CD45B14780}.MacRelease|Any CPU.ActiveCfg = Release|Any CPU
		{3C840B06-A595-4FD9-9A76-56CD45B14780}.MacRelease|Any CPU.Build.0 = Release|Any CPU
		{3C840B06-A595-4FD9-9A76-56CD45B14780}.Release|Any CPU.ActiveCfg = Release|Any CPU
		{3C840B06-A595-4FD9-9A76-56CD45B14780}.Release|Any CPU.Build.0 = Release|Any CPU
		{3C840B06-A595-4FD9-9A76-56CD45B14780}.WindowsDebug|Any CPU.ActiveCfg = Debug|Any CPU
		{3C840B06-A595-4FD9-9A76-56CD45B14780}.WindowsDebug|Any CPU.Build.0 = Debug|Any CPU
		{3C840B06-A595-4FD9-9A76-56CD45B14780}.WindowsRelease|Any CPU.ActiveCfg = Release|Any CPU
		{3C840B06-A595-4FD9-9A76-56CD45B14780}.WindowsRelease|Any CPU.Build.0 = Release|Any CPU
		{3C840B06-A595-4FD9-9A76-56CD45B14780}.LinuxDebug|Any CPU.ActiveCfg = Debug|Any CPU
		{3C840B06-A595-4FD9-9A76-56CD45B14780}.LinuxDebug|Any CPU.Build.0 = Debug|Any CPU
		{3C840B06-A595-4FD9-9A76-56CD45B14780}.LinuxRelease|Any CPU.ActiveCfg = Release|Any CPU
		{3C840B06-A595-4FD9-9A76-56CD45B14780}.LinuxRelease|Any CPU.Build.0 = Release|Any CPU
		{3E524EA8-D31A-4394-997C-14B522E3D6FD}.Debug|Any CPU.ActiveCfg = Debug|Any CPU
		{3E524EA8-D31A-4394-997C-14B522E3D6FD}.Debug|Any CPU.Build.0 = Debug|Any CPU
		{3E524EA8-D31A-4394-997C-14B522E3D6FD}.MacDebug|Any CPU.ActiveCfg = Debug|Any CPU
		{3E524EA8-D31A-4394-997C-14B522E3D6FD}.MacDebug|Any CPU.Build.0 = Debug|Any CPU
		{3E524EA8-D31A-4394-997C-14B522E3D6FD}.MacRelease|Any CPU.ActiveCfg = Release|Any CPU
		{3E524EA8-D31A-4394-997C-14B522E3D6FD}.MacRelease|Any CPU.Build.0 = Release|Any CPU
		{3E524EA8-D31A-4394-997C-14B522E3D6FD}.Release|Any CPU.ActiveCfg = Release|Any CPU
		{3E524EA8-D31A-4394-997C-14B522E3D6FD}.Release|Any CPU.Build.0 = Release|Any CPU
		{3E524EA8-D31A-4394-997C-14B522E3D6FD}.WindowsDebug|Any CPU.ActiveCfg = Debug|Any CPU
		{3E524EA8-D31A-4394-997C-14B522E3D6FD}.WindowsDebug|Any CPU.Build.0 = Debug|Any CPU
		{3E524EA8-D31A-4394-997C-14B522E3D6FD}.WindowsRelease|Any CPU.ActiveCfg = Release|Any CPU
		{3E524EA8-D31A-4394-997C-14B522E3D6FD}.WindowsRelease|Any CPU.Build.0 = Release|Any CPU
		{3E524EA8-D31A-4394-997C-14B522E3D6FD}.LinuxDebug|Any CPU.ActiveCfg = Debug|Any CPU
		{3E524EA8-D31A-4394-997C-14B522E3D6FD}.LinuxDebug|Any CPU.Build.0 = Debug|Any CPU
		{3E524EA8-D31A-4394-997C-14B522E3D6FD}.LinuxRelease|Any CPU.ActiveCfg = Release|Any CPU
		{3E524EA8-D31A-4394-997C-14B522E3D6FD}.LinuxRelease|Any CPU.Build.0 = Release|Any CPU
		{74FA0AA4-B5C1-4F3B-B182-277FC2D50715}.Debug|Any CPU.ActiveCfg = Debug|Any CPU
		{74FA0AA4-B5C1-4F3B-B182-277FC2D50715}.MacDebug|Any CPU.ActiveCfg = Debug|Any CPU
		{74FA0AA4-B5C1-4F3B-B182-277FC2D50715}.MacDebug|Any CPU.Build.0 = Debug|Any CPU
		{74FA0AA4-B5C1-4F3B-B182-277FC2D50715}.MacRelease|Any CPU.ActiveCfg = Release|Any CPU
		{74FA0AA4-B5C1-4F3B-B182-277FC2D50715}.MacRelease|Any CPU.Build.0 = Release|Any CPU
		{74FA0AA4-B5C1-4F3B-B182-277FC2D50715}.Release|Any CPU.ActiveCfg = Release|Any CPU
		{74FA0AA4-B5C1-4F3B-B182-277FC2D50715}.WindowsDebug|Any CPU.ActiveCfg = Debug|Any CPU
		{74FA0AA4-B5C1-4F3B-B182-277FC2D50715}.WindowsRelease|Any CPU.ActiveCfg = Release|Any CPU
		{74FA0AA4-B5C1-4F3B-B182-277FC2D50715}.LinuxDebug|Any CPU.ActiveCfg = Debug|Any CPU
		{74FA0AA4-B5C1-4F3B-B182-277FC2D50715}.LinuxRelease|Any CPU.ActiveCfg = Release|Any CPU
		{85903170-9E52-4B53-A6E4-3F416F684FAE}.Debug|Any CPU.ActiveCfg = Debug|Any CPU
		{85903170-9E52-4B53-A6E4-3F416F684FAE}.MacDebug|Any CPU.ActiveCfg = Debug|Any CPU
		{85903170-9E52-4B53-A6E4-3F416F684FAE}.MacRelease|Any CPU.ActiveCfg = Release|Any CPU
		{85903170-9E52-4B53-A6E4-3F416F684FAE}.Release|Any CPU.ActiveCfg = Release|Any CPU
		{85903170-9E52-4B53-A6E4-3F416F684FAE}.WindowsDebug|Any CPU.ActiveCfg = Debug|Any CPU
		{85903170-9E52-4B53-A6E4-3F416F684FAE}.WindowsDebug|Any CPU.Build.0 = Debug|Any CPU
		{85903170-9E52-4B53-A6E4-3F416F684FAE}.WindowsRelease|Any CPU.ActiveCfg = Release|Any CPU
		{85903170-9E52-4B53-A6E4-3F416F684FAE}.WindowsRelease|Any CPU.Build.0 = Release|Any CPU
		{85903170-9E52-4B53-A6E4-3F416F684FAE}.LinuxDebug|Any CPU.ActiveCfg = Debug|Any CPU
		{85903170-9E52-4B53-A6E4-3F416F684FAE}.LinuxRelease|Any CPU.ActiveCfg = Release|Any CPU
		{B49881A6-E734-490E-8EA7-FB0D9E296CFB}.Debug|Any CPU.ActiveCfg = Debug|Any CPU
		{B49881A6-E734-490E-8EA7-FB0D9E296CFB}.Debug|Any CPU.Build.0 = Debug|Any CPU
		{B49881A6-E734-490E-8EA7-FB0D9E296CFB}.Release|Any CPU.ActiveCfg = Release|Any CPU
		{B49881A6-E734-490E-8EA7-FB0D9E296CFB}.Release|Any CPU.Build.0 = Release|Any CPU
		{B49881A6-E734-490E-8EA7-FB0D9E296CFB}.WindowsDebug|Any CPU.ActiveCfg = Debug|Any CPU
		{B49881A6-E734-490E-8EA7-FB0D9E296CFB}.WindowsDebug|Any CPU.Build.0 = Debug|Any CPU
		{B49881A6-E734-490E-8EA7-FB0D9E296CFB}.MacDebug|Any CPU.ActiveCfg = Debug|Any CPU
		{B49881A6-E734-490E-8EA7-FB0D9E296CFB}.MacDebug|Any CPU.Build.0 = Debug|Any CPU
		{B49881A6-E734-490E-8EA7-FB0D9E296CFB}.LinuxDebug|Any CPU.ActiveCfg = Debug|Any CPU
		{B49881A6-E734-490E-8EA7-FB0D9E296CFB}.LinuxDebug|Any CPU.Build.0 = Debug|Any CPU
		{B49881A6-E734-490E-8EA7-FB0D9E296CFB}.LinuxRelease|Any CPU.ActiveCfg = Release|Any CPU
		{B49881A6-E734-490E-8EA7-FB0D9E296CFB}.LinuxRelease|Any CPU.Build.0 = Release|Any CPU
		{B49881A6-E734-490E-8EA7-FB0D9E296CFB}.MacRelease|Any CPU.ActiveCfg = Release|Any CPU
		{B49881A6-E734-490E-8EA7-FB0D9E296CFB}.MacRelease|Any CPU.Build.0 = Release|Any CPU
		{B49881A6-E734-490E-8EA7-FB0D9E296CFB}.WindowsRelease|Any CPU.ActiveCfg = Release|Any CPU
		{B49881A6-E734-490E-8EA7-FB0D9E296CFB}.WindowsRelease|Any CPU.Build.0 = Release|Any CPU
		{025E5329-A0B1-4BA9-9203-B70B44A5F9E0}.Debug|Any CPU.ActiveCfg = Debug|Any CPU
		{025E5329-A0B1-4BA9-9203-B70B44A5F9E0}.Debug|Any CPU.Build.0 = Debug|Any CPU
		{025E5329-A0B1-4BA9-9203-B70B44A5F9E0}.Release|Any CPU.ActiveCfg = Release|Any CPU
		{025E5329-A0B1-4BA9-9203-B70B44A5F9E0}.Release|Any CPU.Build.0 = Release|Any CPU
		{025E5329-A0B1-4BA9-9203-B70B44A5F9E0}.WindowsDebug|Any CPU.ActiveCfg = Debug|Any CPU
		{025E5329-A0B1-4BA9-9203-B70B44A5F9E0}.WindowsDebug|Any CPU.Build.0 = Debug|Any CPU
		{025E5329-A0B1-4BA9-9203-B70B44A5F9E0}.MacDebug|Any CPU.ActiveCfg = Debug|Any CPU
		{025E5329-A0B1-4BA9-9203-B70B44A5F9E0}.MacDebug|Any CPU.Build.0 = Debug|Any CPU
		{025E5329-A0B1-4BA9-9203-B70B44A5F9E0}.LinuxDebug|Any CPU.ActiveCfg = Debug|Any CPU
		{025E5329-A0B1-4BA9-9203-B70B44A5F9E0}.LinuxDebug|Any CPU.Build.0 = Debug|Any CPU
		{025E5329-A0B1-4BA9-9203-B70B44A5F9E0}.LinuxRelease|Any CPU.ActiveCfg = Release|Any CPU
		{025E5329-A0B1-4BA9-9203-B70B44A5F9E0}.LinuxRelease|Any CPU.Build.0 = Release|Any CPU
		{025E5329-A0B1-4BA9-9203-B70B44A5F9E0}.MacRelease|Any CPU.ActiveCfg = Release|Any CPU
		{025E5329-A0B1-4BA9-9203-B70B44A5F9E0}.MacRelease|Any CPU.Build.0 = Release|Any CPU
		{025E5329-A0B1-4BA9-9203-B70B44A5F9E0}.WindowsRelease|Any CPU.ActiveCfg = Release|Any CPU
		{025E5329-A0B1-4BA9-9203-B70B44A5F9E0}.WindowsRelease|Any CPU.Build.0 = Release|Any CPU
		{AD2A935F-3720-4802-8119-6A9B35B254DF}.LinuxDebug|Any CPU.ActiveCfg = Debug|Any CPU
		{AD2A935F-3720-4802-8119-6A9B35B254DF}.LinuxDebug|Any CPU.Build.0 = Debug|Any CPU
		{AD2A935F-3720-4802-8119-6A9B35B254DF}.LinuxRelease|Any CPU.ActiveCfg = Release|Any CPU
		{AD2A935F-3720-4802-8119-6A9B35B254DF}.Debug|Any CPU.ActiveCfg = Debug|Any CPU
		{AD2A935F-3720-4802-8119-6A9B35B254DF}.MacDebug|Any CPU.ActiveCfg = Debug|Any CPU
		{AD2A935F-3720-4802-8119-6A9B35B254DF}.MacRelease|Any CPU.ActiveCfg = Release|Any CPU
		{AD2A935F-3720-4802-8119-6A9B35B254DF}.Release|Any CPU.ActiveCfg = Release|Any CPU
		{AD2A935F-3720-4802-8119-6A9B35B254DF}.WindowsDebug|Any CPU.ActiveCfg = Debug|Any CPU
		{AD2A935F-3720-4802-8119-6A9B35B254DF}.WindowsRelease|Any CPU.ActiveCfg = Release|Any CPU
		{AD2A935F-3720-4802-8119-6A9B35B254DF}.LinuxRelease|Any CPU.Build.0 = Release|Any CPU
		{570897DC-A85C-4598-B793-9A00CF710119}.Debug|Any CPU.ActiveCfg = Debug|Any CPU
		{570897DC-A85C-4598-B793-9A00CF710119}.Debug|Any CPU.Build.0 = Debug|Any CPU
		{570897DC-A85C-4598-B793-9A00CF710119}.MacDebug|Any CPU.ActiveCfg = Debug|Any CPU
		{570897DC-A85C-4598-B793-9A00CF710119}.MacDebug|Any CPU.Build.0 = Debug|Any CPU
		{570897DC-A85C-4598-B793-9A00CF710119}.Release|Any CPU.ActiveCfg = Release|Any CPU
		{570897DC-A85C-4598-B793-9A00CF710119}.Release|Any CPU.Build.0 = Release|Any CPU
		{570897DC-A85C-4598-B793-9A00CF710119}.WindowsDebug|Any CPU.ActiveCfg = Debug|Any CPU
		{570897DC-A85C-4598-B793-9A00CF710119}.WindowsDebug|Any CPU.Build.0 = Debug|Any CPU
		{570897DC-A85C-4598-B793-9A00CF710119}.LinuxDebug|Any CPU.ActiveCfg = Debug|Any CPU
		{570897DC-A85C-4598-B793-9A00CF710119}.LinuxDebug|Any CPU.Build.0 = Debug|Any CPU
		{570897DC-A85C-4598-B793-9A00CF710119}.LinuxRelease|Any CPU.ActiveCfg = Release|Any CPU
		{570897DC-A85C-4598-B793-9A00CF710119}.LinuxRelease|Any CPU.Build.0 = Release|Any CPU
		{570897DC-A85C-4598-B793-9A00CF710119}.MacRelease|Any CPU.ActiveCfg = Release|Any CPU
		{570897DC-A85C-4598-B793-9A00CF710119}.MacRelease|Any CPU.Build.0 = Release|Any CPU
		{570897DC-A85C-4598-B793-9A00CF710119}.WindowsRelease|Any CPU.ActiveCfg = Release|Any CPU
		{570897DC-A85C-4598-B793-9A00CF710119}.WindowsRelease|Any CPU.Build.0 = Release|Any CPU
		{1AF9F7C5-FA2E-48F1-B216-4D5E9A27F393}.Debug|Any CPU.ActiveCfg = Debug|Any CPU
		{1AF9F7C5-FA2E-48F1-B216-4D5E9A27F393}.Debug|Any CPU.Build.0 = Debug|Any CPU
		{1AF9F7C5-FA2E-48F1-B216-4D5E9A27F393}.MacDebug|Any CPU.ActiveCfg = Debug|Any CPU
		{1AF9F7C5-FA2E-48F1-B216-4D5E9A27F393}.MacDebug|Any CPU.Build.0 = Debug|Any CPU
		{1AF9F7C5-FA2E-48F1-B216-4D5E9A27F393}.Release|Any CPU.ActiveCfg = Release|Any CPU
		{1AF9F7C5-FA2E-48F1-B216-4D5E9A27F393}.Release|Any CPU.Build.0 = Release|Any CPU
		{1AF9F7C5-FA2E-48F1-B216-4D5E9A27F393}.WindowsDebug|Any CPU.ActiveCfg = Debug|Any CPU
		{1AF9F7C5-FA2E-48F1-B216-4D5E9A27F393}.WindowsDebug|Any CPU.Build.0 = Debug|Any CPU
		{1AF9F7C5-FA2E-48F1-B216-4D5E9A27F393}.LinuxDebug|Any CPU.ActiveCfg = Debug|Any CPU
		{1AF9F7C5-FA2E-48F1-B216-4D5E9A27F393}.LinuxDebug|Any CPU.Build.0 = Debug|Any CPU
		{1AF9F7C5-FA2E-48F1-B216-4D5E9A27F393}.LinuxRelease|Any CPU.ActiveCfg = Release|Any CPU
		{1AF9F7C5-FA2E-48F1-B216-4D5E9A27F393}.LinuxRelease|Any CPU.Build.0 = Release|Any CPU
		{1AF9F7C5-FA2E-48F1-B216-4D5E9A27F393}.MacRelease|Any CPU.ActiveCfg = Release|Any CPU
		{1AF9F7C5-FA2E-48F1-B216-4D5E9A27F393}.MacRelease|Any CPU.Build.0 = Release|Any CPU
		{1AF9F7C5-FA2E-48F1-B216-4D5E9A27F393}.WindowsRelease|Any CPU.ActiveCfg = Release|Any CPU
		{1AF9F7C5-FA2E-48F1-B216-4D5E9A27F393}.WindowsRelease|Any CPU.Build.0 = Release|Any CPU
	EndGlobalSection
	GlobalSection(SolutionProperties) = preSolution
		HideSolutionNode = FALSE
	EndGlobalSection
	GlobalSection(NestedProjects) = preSolution
		{28F06D44-AB25-4CF5-93F9-978C23FAA9D6} = {D5277A0E-997E-453A-8CB9-4EFCC8B16A29}
		{31BCFC70-B767-4274-873F-1A076D422FC3} = {D5277A0E-997E-453A-8CB9-4EFCC8B16A29}
		{AD41FA1E-51F5-4E4F-B7DA-32F921491313} = {D5277A0E-997E-453A-8CB9-4EFCC8B16A29}
		{714AF9EB-44E6-4058-BD3E-9039F29F4D7A} = {D5277A0E-997E-453A-8CB9-4EFCC8B16A29}
		{97DC6241-1240-4A85-8035-F8404A983A82} = {D5277A0E-997E-453A-8CB9-4EFCC8B16A29}
		{66722747-1B61-40E4-A89B-1AC8E6D62EA9} = {A7FC1234-95E3-4496-B5F7-4306F41E6A0E}
		{5A7D9E8B-C1D2-4C5C-BE98-648C41D1F8BD} = {D5277A0E-997E-453A-8CB9-4EFCC8B16A29}
		{3C840B06-A595-4FD9-9A76-56CD45B14780} = {D5277A0E-997E-453A-8CB9-4EFCC8B16A29}
		{D5277A0E-997E-453A-8CB9-4EFCC8B16A29} = {A7FC1234-95E3-4496-B5F7-4306F41E6A0E}
		{3E524EA8-D31A-4394-997C-14B522E3D6FD} = {D5277A0E-997E-453A-8CB9-4EFCC8B16A29}
		{3D279E2D-E011-45CF-8EA8-3D71D1300443} = {A7FC1234-95E3-4496-B5F7-4306F41E6A0E}
		{74FA0AA4-B5C1-4F3B-B182-277FC2D50715} = {3D279E2D-E011-45CF-8EA8-3D71D1300443}
		{85903170-9E52-4B53-A6E4-3F416F684FAE} = {66722747-1B61-40E4-A89B-1AC8E6D62EA9}
		{B49881A6-E734-490E-8EA7-FB0D9E296CFB} = {D5277A0E-997E-453A-8CB9-4EFCC8B16A29}
		{025E5329-A0B1-4BA9-9203-B70B44A5F9E0} = {D5277A0E-997E-453A-8CB9-4EFCC8B16A29}
		{8F9D7E67-7DD7-4E32-9134-423281AF00E9} = {A7FC1234-95E3-4496-B5F7-4306F41E6A0E}
		{AD2A935F-3720-4802-8119-6A9B35B254DF} = {8F9D7E67-7DD7-4E32-9134-423281AF00E9}
		{570897DC-A85C-4598-B793-9A00CF710119} = {D5277A0E-997E-453A-8CB9-4EFCC8B16A29}
		{1AF9F7C5-FA2E-48F1-B216-4D5E9A27F393} = {D5277A0E-997E-453A-8CB9-4EFCC8B16A29}
	EndGlobalSection
	GlobalSection(ExtensibilityGlobals) = postSolution
		SolutionGuid = {0EF9FC65-E6BA-45D4-A455-262A9EA4366B}
	EndGlobalSection
EndGlobal
